
Microsoft Visual Studio Solution File, Format Version 12.00
# Visual Studio Version 16
VisualStudioVersion = 16.0.30621.155
MinimumVisualStudioVersion = 10.0.40219.1
Project("{FAE04EC0-301F-11D3-BF4B-00C04F79EFBC}") = "WebApplicationForskola", "WebApplicationForskola\WebApplicationForskola.csproj", "{E22DCBB0-6851-40B5-B339-AEA63B85C77E}"
EndProject
Global
	GlobalSection(SolutionConfigurationPlatforms) = preSolution
		Debug|Any CPU = Debug|Any CPU
		Release|Any CPU = Release|Any CPU
	EndGlobalSection
	GlobalSection(ProjectConfigurationPlatforms) = postSolution
		{E22DCBB0-6851-40B5-B339-AEA63B85C77E}.Debug|Any CPU.ActiveCfg = Debug|Any CPU
		{E22DCBB0-6851-40B5-B339-AEA63B85C77E}.Debug|Any CPU.Build.0 = Debug|Any CPU
		{E22DCBB0-6851-40B5-B339-AEA63B85C77E}.Release|Any CPU.ActiveCfg = Release|Any CPU
		{E22DCBB0-6851-40B5-B339-AEA63B85C77E}.Release|Any CPU.Build.0 = Release|Any CPU
	EndGlobalSection
	GlobalSection(SolutionProperties) = preSolution
		HideSolutionNode = FALSE
	EndGlobalSection
	GlobalSection(ExtensibilityGlobals) = postSolution
		SolutionGuid = {A0F2BEC0-5ACD-4FF1-9980-402D4BDBC278}
	EndGlobalSection
EndGlobal
